
Microsoft Visual Studio Solution File, Format Version 12.00
# Visual Studio 15
VisualStudioVersion = 15.0.28307.136
MinimumVisualStudioVersion = 10.0.40219.1
Project("{FAE04EC0-301F-11D3-BF4B-00C04F79EFBC}") = "VenueServiceRequester", "VenueServiceRequester\VenueServiceRequester.csproj", "{1BA7502F-25A6-4E67-9EC5-5506A691477E}"
EndProject
Project("{FAE04EC0-301F-11D3-BF4B-00C04F79EFBC}") = "DALRESTfulUtil", "..\DALRESTfulUtil\DALRESTfulUtil\DALRESTfulUtil.csproj", "{6065A6F1-2896-44D9-874D-1D018B580F23}"
EndProject
Project("{FAE04EC0-301F-11D3-BF4B-00C04F79EFBC}") = "RestClientVenueService", "RestClientVenueService\RestClientVenueService.csproj", "{0BE8960B-E4EA-4072-9993-75ABE6E7B0B9}"
EndProject
Global
	GlobalSection(SolutionConfigurationPlatforms) = preSolution
		Debug|Any CPU = Debug|Any CPU
		Release|Any CPU = Release|Any CPU
	EndGlobalSection
	GlobalSection(ProjectConfigurationPlatforms) = postSolution
		{1BA7502F-25A6-4E67-9EC5-5506A691477E}.Debug|Any CPU.ActiveCfg = Debug|Any CPU
		{1BA7502F-25A6-4E67-9EC5-5506A691477E}.Debug|Any CPU.Build.0 = Debug|Any CPU
		{1BA7502F-25A6-4E67-9EC5-5506A691477E}.Release|Any CPU.ActiveCfg = Release|Any CPU
		{1BA7502F-25A6-4E67-9EC5-5506A691477E}.Release|Any CPU.Build.0 = Release|Any CPU
		{6065A6F1-2896-44D9-874D-1D018B580F23}.Debug|Any CPU.ActiveCfg = Debug|Any CPU
		{6065A6F1-2896-44D9-874D-1D018B580F23}.Debug|Any CPU.Build.0 = Debug|Any CPU
		{6065A6F1-2896-44D9-874D-1D018B580F23}.Release|Any CPU.ActiveCfg = Release|Any CPU
		{6065A6F1-2896-44D9-874D-1D018B580F23}.Release|Any CPU.Build.0 = Release|Any CPU
		{0BE8960B-E4EA-4072-9993-75ABE6E7B0B9}.Debug|Any CPU.ActiveCfg = Debug|Any CPU
		{0BE8960B-E4EA-4072-9993-75ABE6E7B0B9}.Debug|Any CPU.Build.0 = Debug|Any CPU
		{0BE8960B-E4EA-4072-9993-75ABE6E7B0B9}.Release|Any CPU.ActiveCfg = Release|Any CPU
		{0BE8960B-E4EA-4072-9993-75ABE6E7B0B9}.Release|Any CPU.Build.0 = Release|Any CPU
	EndGlobalSection
	GlobalSection(SolutionProperties) = preSolution
		HideSolutionNode = FALSE
	EndGlobalSection
	GlobalSection(ExtensibilityGlobals) = postSolution
		SolutionGuid = {3DC380E5-BE0F-4608-BA3C-DA9FA944FB39}
	EndGlobalSection
EndGlobal
